
Microsoft Visual Studio Solution File, Format Version 12.00
# Visual Studio 15
VisualStudioVersion = 15.0.28307.136
MinimumVisualStudioVersion = 10.0.40219.1
Project("{FAE04EC0-301F-11D3-BF4B-00C04F79EFBC}") = "DemoApp.Android", "DemoApp\DemoApp.Android\DemoApp.Android.csproj", "{AC5C2DDA-2157-4D92-8017-EBDE0B02A82B}"
EndProject
Project("{FAE04EC0-301F-11D3-BF4B-00C04F79EFBC}") = "DemoApp.iOS", "DemoApp\DemoApp.iOS\DemoApp.iOS.csproj", "{F6755D55-F8AC-4E42-BA4E-7FBED49191E3}"
EndProject
Project("{FAE04EC0-301F-11D3-BF4B-00C04F79EFBC}") = "DemoApp.UWP", "DemoApp\DemoApp.UWP\DemoApp.UWP.csproj", "{581CC3E4-CE70-4444-8B0A-DA076C8993E2}"
EndProject
Project("{FAE04EC0-301F-11D3-BF4B-00C04F79EFBC}") = "DemoApp", "DemoApp\DemoApp\DemoApp.csproj", "{5ACBFD3A-CF32-4924-9A4F-3D871F84EF81}"
EndProject
Global
	GlobalSection(SolutionConfigurationPlatforms) = preSolution
		Ad-Hoc|Any CPU = Ad-Hoc|Any CPU
		Ad-Hoc|ARM = Ad-Hoc|ARM
		Ad-Hoc|iPhone = Ad-Hoc|iPhone
		Ad-Hoc|iPhoneSimulator = Ad-Hoc|iPhoneSimulator
		Ad-Hoc|x64 = Ad-Hoc|x64
		Ad-Hoc|x86 = Ad-Hoc|x86
		AppStore|Any CPU = AppStore|Any CPU
		AppStore|ARM = AppStore|ARM
		AppStore|iPhone = AppStore|iPhone
		AppStore|iPhoneSimulator = AppStore|iPhoneSimulator
		AppStore|x64 = AppStore|x64
		AppStore|x86 = AppStore|x86
		Debug|Any CPU = Debug|Any CPU
		Debug|ARM = Debug|ARM
		Debug|iPhone = Debug|iPhone
		Debug|iPhoneSimulator = Debug|iPhoneSimulator
		Debug|x64 = Debug|x64
		Debug|x86 = Debug|x86
		Release|Any CPU = Release|Any CPU
		Release|ARM = Release|ARM
		Release|iPhone = Release|iPhone
		Release|iPhoneSimulator = Release|iPhoneSimulator
		Release|x64 = Release|x64
		Release|x86 = Release|x86
	EndGlobalSection
	GlobalSection(ProjectConfigurationPlatforms) = postSolution
		{AC5C2DDA-2157-4D92-8017-EBDE0B02A82B}.Ad-Hoc|Any CPU.ActiveCfg = Release|Any CPU
		{AC5C2DDA-2157-4D92-8017-EBDE0B02A82B}.Ad-Hoc|Any CPU.Build.0 = Release|Any CPU
		{AC5C2DDA-2157-4D92-8017-EBDE0B02A82B}.Ad-Hoc|Any CPU.Deploy.0 = Release|Any CPU
		{AC5C2DDA-2157-4D92-8017-EBDE0B02A82B}.Ad-Hoc|ARM.ActiveCfg = Release|Any CPU
		{AC5C2DDA-2157-4D92-8017-EBDE0B02A82B}.Ad-Hoc|ARM.Build.0 = Release|Any CPU
		{AC5C2DDA-2157-4D92-8017-EBDE0B02A82B}.Ad-Hoc|ARM.Deploy.0 = Release|Any CPU
		{AC5C2DDA-2157-4D92-8017-EBDE0B02A82B}.Ad-Hoc|iPhone.ActiveCfg = Release|Any CPU
		{AC5C2DDA-2157-4D92-8017-EBDE0B02A82B}.Ad-Hoc|iPhone.Build.0 = Release|Any CPU
		{AC5C2DDA-2157-4D92-8017-EBDE0B02A82B}.Ad-Hoc|iPhone.Deploy.0 = Release|Any CPU
		{AC5C2DDA-2157-4D92-8017-EBDE0B02A82B}.Ad-Hoc|iPhoneSimulator.ActiveCfg = Release|Any CPU
		{AC5C2DDA-2157-4D92-8017-EBDE0B02A82B}.Ad-Hoc|iPhoneSimulator.Build.0 = Release|Any CPU
		{AC5C2DDA-2157-4D92-8017-EBDE0B02A82B}.Ad-Hoc|iPhoneSimulator.Deploy.0 = Release|Any CPU
		{AC5C2DDA-2157-4D92-8017-EBDE0B02A82B}.Ad-Hoc|x64.ActiveCfg = Release|Any CPU
		{AC5C2DDA-2157-4D92-8017-EBDE0B02A82B}.Ad-Hoc|x64.Build.0 = Release|Any CPU
		{AC5C2DDA-2157-4D92-8017-EBDE0B02A82B}.Ad-Hoc|x64.Deploy.0 = Release|Any CPU
		{AC5C2DDA-2157-4D92-8017-EBDE0B02A82B}.Ad-Hoc|x86.ActiveCfg = Release|Any CPU
		{AC5C2DDA-2157-4D92-8017-EBDE0B02A82B}.Ad-Hoc|x86.Build.0 = Release|Any CPU
		{AC5C2DDA-2157-4D92-8017-EBDE0B02A82B}.Ad-Hoc|x86.Deploy.0 = Release|Any CPU
		{AC5C2DDA-2157-4D92-8017-EBDE0B02A82B}.AppStore|Any CPU.ActiveCfg = Release|Any CPU
		{AC5C2DDA-2157-4D92-8017-EBDE0B02A82B}.AppStore|Any CPU.Build.0 = Release|Any CPU
		{AC5C2DDA-2157-4D92-8017-EBDE0B02A82B}.AppStore|Any CPU.Deploy.0 = Release|Any CPU
		{AC5C2DDA-2157-4D92-8017-EBDE0B02A82B}.AppStore|ARM.ActiveCfg = Release|Any CPU
		{AC5C2DDA-2157-4D92-8017-EBDE0B02A82B}.AppStore|ARM.Build.0 = Release|Any CPU
		{AC5C2DDA-2157-4D92-8017-EBDE0B02A82B}.AppStore|ARM.Deploy.0 = Release|Any CPU
		{AC5C2DDA-2157-4D92-8017-EBDE0B02A82B}.AppStore|iPhone.ActiveCfg = Release|Any CPU
		{AC5C2DDA-2157-4D92-8017-EBDE0B02A82B}.AppStore|iPhone.Build.0 = Release|Any CPU
		{AC5C2DDA-2157-4D92-8017-EBDE0B02A82B}.AppStore|iPhone.Deploy.0 = Release|Any CPU
		{AC5C2DDA-2157-4D92-8017-EBDE0B02A82B}.AppStore|iPhoneSimulator.ActiveCfg = Release|Any CPU
		{AC5C2DDA-2157-4D92-8017-EBDE0B02A82B}.AppStore|iPhoneSimulator.Build.0 = Release|Any CPU
		{AC5C2DDA-2157-4D92-8017-EBDE0B02A82B}.AppStore|iPhoneSimulator.Deploy.0 = Release|Any CPU
		{AC5C2DDA-2157-4D92-8017-EBDE0B02A82B}.AppStore|x64.ActiveCfg = Release|Any CPU
		{AC5C2DDA-2157-4D92-8017-EBDE0B02A82B}.AppStore|x64.Build.0 = Release|Any CPU
		{AC5C2DDA-2157-4D92-8017-EBDE0B02A82B}.AppStore|x64.Deploy.0 = Release|Any CPU
		{AC5C2DDA-2157-4D92-8017-EBDE0B02A82B}.AppStore|x86.ActiveCfg = Release|Any CPU
		{AC5C2DDA-2157-4D92-8017-EBDE0B02A82B}.AppStore|x86.Build.0 = Release|Any CPU
		{AC5C2DDA-2157-4D92-8017-EBDE0B02A82B}.AppStore|x86.Deploy.0 = Release|Any CPU
		{AC5C2DDA-2157-4D92-8017-EBDE0B02A82B}.Debug|Any CPU.ActiveCfg = Debug|Any CPU
		{AC5C2DDA-2157-4D92-8017-EBDE0B02A82B}.Debug|Any CPU.Build.0 = Debug|Any CPU
		{AC5C2DDA-2157-4D92-8017-EBDE0B02A82B}.Debug|Any CPU.Deploy.0 = Debug|Any CPU
		{AC5C2DDA-2157-4D92-8017-EBDE0B02A82B}.Debug|ARM.ActiveCfg = Debug|Any CPU
		{AC5C2DDA-2157-4D92-8017-EBDE0B02A82B}.Debug|ARM.Build.0 = Debug|Any CPU
		{AC5C2DDA-2157-4D92-8017-EBDE0B02A82B}.Debug|ARM.Deploy.0 = Debug|Any CPU
		{AC5C2DDA-2157-4D92-8017-EBDE0B02A82B}.Debug|iPhone.ActiveCfg = Debug|Any CPU
		{AC5C2DDA-2157-4D92-8017-EBDE0B02A82B}.Debug|iPhone.Build.0 = Debug|Any CPU
		{AC5C2DDA-2157-4D92-8017-EBDE0B02A82B}.Debug|iPhone.Deploy.0 = Debug|Any CPU
		{AC5C2DDA-2157-4D92-8017-EBDE0B02A82B}.Debug|iPhoneSimulator.ActiveCfg = Debug|Any CPU
		{AC5C2DDA-2157-4D92-8017-EBDE0B02A82B}.Debug|iPhoneSimulator.Build.0 = Debug|Any CPU
		{AC5C2DDA-2157-4D92-8017-EBDE0B02A82B}.Debug|iPhoneSimulator.Deploy.0 = Debug|Any CPU
		{AC5C2DDA-2157-4D92-8017-EBDE0B02A82B}.Debug|x64.ActiveCfg = Debug|Any CPU
		{AC5C2DDA-2157-4D92-8017-EBDE0B02A82B}.Debug|x64.Build.0 = Debug|Any CPU
		{AC5C2DDA-2157-4D92-8017-EBDE0B02A82B}.Debug|x64.Deploy.0 = Debug|Any CPU
		{AC5C2DDA-2157-4D92-8017-EBDE0B02A82B}.Debug|x86.ActiveCfg = Debug|Any CPU
		{AC5C2DDA-2157-4D92-8017-EBDE0B02A82B}.Debug|x86.Build.0 = Debug|Any CPU
		{AC5C2DDA-2157-4D92-8017-EBDE0B02A82B}.Debug|x86.Deploy.0 = Debug|Any CPU
		{AC5C2DDA-2157-4D92-8017-EBDE0B02A82B}.Release|Any CPU.ActiveCfg = Release|Any CPU
		{AC5C2DDA-2157-4D92-8017-EBDE0B02A82B}.Release|Any CPU.Build.0 = Release|Any CPU
		{AC5C2DDA-2157-4D92-8017-EBDE0B02A82B}.Release|Any CPU.Deploy.0 = Release|Any CPU
		{AC5C2DDA-2157-4D92-8017-EBDE0B02A82B}.Release|ARM.ActiveCfg = Release|Any CPU
		{AC5C2DDA-2157-4D92-8017-EBDE0B02A82B}.Release|ARM.Build.0 = Release|Any CPU
		{AC5C2DDA-2157-4D92-8017-EBDE0B02A82B}.Release|ARM.Deploy.0 = Release|Any CPU
		{AC5C2DDA-2157-4D92-8017-EBDE0B02A82B}.Release|iPhone.ActiveCfg = Release|Any CPU
		{AC5C2DDA-2157-4D92-8017-EBDE0B02A82B}.Release|iPhone.Build.0 = Release|Any CPU
		{AC5C2DDA-2157-4D92-8017-EBDE0B02A82B}.Release|iPhone.Deploy.0 = Release|Any CPU
		{AC5C2DDA-2157-4D92-8017-EBDE0B02A82B}.Release|iPhoneSimulator.ActiveCfg = Release|Any CPU
		{AC5C2DDA-2157-4D92-8017-EBDE0B02A82B}.Release|iPhoneSimulator.Build.0 = Release|Any CPU
		{AC5C2DDA-2157-4D92-8017-EBDE0B02A82B}.Release|iPhoneSimulator.Deploy.0 = Release|Any CPU
		{AC5C2DDA-2157-4D92-8017-EBDE0B02A82B}.Release|x64.ActiveCfg = Release|Any CPU
		{AC5C2DDA-2157-4D92-8017-EBDE0B02A82B}.Release|x64.Build.0 = Release|Any CPU
		{AC5C2DDA-2157-4D92-8017-EBDE0B02A82B}.Release|x64.Deploy.0 = Release|Any CPU
		{AC5C2DDA-2157-4D92-8017-EBDE0B02A82B}.Release|x86.ActiveCfg = Release|Any CPU
		{AC5C2DDA-2157-4D92-8017-EBDE0B02A82B}.Release|x86.Build.0 = Release|Any CPU
		{AC5C2DDA-2157-4D92-8017-EBDE0B02A82B}.Release|x86.Deploy.0 = Release|Any CPU
		{F6755D55-F8AC-4E42-BA4E-7FBED49191E3}.Ad-Hoc|Any CPU.ActiveCfg = Ad-Hoc|iPhone
		{F6755D55-F8AC-4E42-BA4E-7FBED49191E3}.Ad-Hoc|Any CPU.Build.0 = Ad-Hoc|iPhone
		{F6755D55-F8AC-4E42-BA4E-7FBED49191E3}.Ad-Hoc|Any CPU.Deploy.0 = Ad-Hoc|iPhone
		{F6755D55-F8AC-4E42-BA4E-7FBED49191E3}.Ad-Hoc|ARM.ActiveCfg = Ad-Hoc|iPhone
		{F6755D55-F8AC-4E42-BA4E-7FBED49191E3}.Ad-Hoc|ARM.Build.0 = Ad-Hoc|iPhone
		{F6755D55-F8AC-4E42-BA4E-7FBED49191E3}.Ad-Hoc|ARM.Deploy.0 = Ad-Hoc|iPhone
		{F6755D55-F8AC-4E42-BA4E-7FBED49191E3}.Ad-Hoc|iPhone.ActiveCfg = Ad-Hoc|iPhone
		{F6755D55-F8AC-4E42-BA4E-7FBED49191E3}.Ad-Hoc|iPhone.Build.0 = Ad-Hoc|iPhone
		{F6755D55-F8AC-4E42-BA4E-7FBED49191E3}.Ad-Hoc|iPhone.Deploy.0 = Ad-Hoc|iPhone
		{F6755D55-F8AC-4E42-BA4E-7FBED49191E3}.Ad-Hoc|iPhoneSimulator.ActiveCfg = Ad-Hoc|iPhoneSimulator
		{F6755D55-F8AC-4E42-BA4E-7FBED49191E3}.Ad-Hoc|iPhoneSimulator.Build.0 = Ad-Hoc|iPhoneSimulator
		{F6755D55-F8AC-4E42-BA4E-7FBED49191E3}.Ad-Hoc|iPhoneSimulator.Deploy.0 = Ad-Hoc|iPhoneSimulator
		{F6755D55-F8AC-4E42-BA4E-7FBED49191E3}.Ad-Hoc|x64.ActiveCfg = Ad-Hoc|iPhone
		{F6755D55-F8AC-4E42-BA4E-7FBED49191E3}.Ad-Hoc|x64.Build.0 = Ad-Hoc|iPhone
		{F6755D55-F8AC-4E42-BA4E-7FBED49191E3}.Ad-Hoc|x64.Deploy.0 = Ad-Hoc|iPhone
		{F6755D55-F8AC-4E42-BA4E-7FBED49191E3}.Ad-Hoc|x86.ActiveCfg = Ad-Hoc|iPhone
		{F6755D55-F8AC-4E42-BA4E-7FBED49191E3}.Ad-Hoc|x86.Build.0 = Ad-Hoc|iPhone
		{F6755D55-F8AC-4E42-BA4E-7FBED49191E3}.Ad-Hoc|x86.Deploy.0 = Ad-Hoc|iPhone
		{F6755D55-F8AC-4E42-BA4E-7FBED49191E3}.AppStore|Any CPU.ActiveCfg = AppStore|iPhone
		{F6755D55-F8AC-4E42-BA4E-7FBED49191E3}.AppStore|Any CPU.Build.0 = AppStore|iPhone
		{F6755D55-F8AC-4E42-BA4E-7FBED49191E3}.AppStore|Any CPU.Deploy.0 = AppStore|iPhone
		{F6755D55-F8AC-4E42-BA4E-7FBED49191E3}.AppStore|ARM.ActiveCfg = AppStore|iPhone
		{F6755D55-F8AC-4E42-BA4E-7FBED49191E3}.AppStore|ARM.Build.0 = AppStore|iPhone
		{F6755D55-F8AC-4E42-BA4E-7FBED49191E3}.AppStore|ARM.Deploy.0 = AppStore|iPhone
		{F6755D55-F8AC-4E42-BA4E-7FBED49191E3}.AppStore|iPhone.ActiveCfg = AppStore|iPhone
		{F6755D55-F8AC-4E42-BA4E-7FBED49191E3}.AppStore|iPhone.Build.0 = AppStore|iPhone
		{F6755D55-F8AC-4E42-BA4E-7FBED49191E3}.AppStore|iPhone.Deploy.0 = AppStore|iPhone
		{F6755D55-F8AC-4E42-BA4E-7FBED49191E3}.AppStore|iPhoneSimulator.ActiveCfg = AppStore|iPhoneSimulator
		{F6755D55-F8AC-4E42-BA4E-7FBED49191E3}.AppStore|iPhoneSimulator.Build.0 = AppStore|iPhoneSimulator
		{F6755D55-F8AC-4E42-BA4E-7FBED49191E3}.AppStore|iPhoneSimulator.Deploy.0 = AppStore|iPhoneSimulator
		{F6755D55-F8AC-4E42-BA4E-7FBED49191E3}.AppStore|x64.ActiveCfg = AppStore|iPhone
		{F6755D55-F8AC-4E42-BA4E-7FBED49191E3}.AppStore|x64.Build.0 = AppStore|iPhone
		{F6755D55-F8AC-4E42-BA4E-7FBED49191E3}.AppStore|x64.Deploy.0 = AppStore|iPhone
		{F6755D55-F8AC-4E42-BA4E-7FBED49191E3}.AppStore|x86.ActiveCfg = AppStore|iPhone
		{F6755D55-F8AC-4E42-BA4E-7FBED49191E3}.AppStore|x86.Build.0 = AppStore|iPhone
		{F6755D55-F8AC-4E42-BA4E-7FBED49191E3}.AppStore|x86.Deploy.0 = AppStore|iPhone
		{F6755D55-F8AC-4E42-BA4E-7FBED49191E3}.Debug|Any CPU.ActiveCfg = Debug|iPhoneSimulator
		{F6755D55-F8AC-4E42-BA4E-7FBED49191E3}.Debug|Any CPU.Build.0 = Debug|iPhoneSimulator
		{F6755D55-F8AC-4E42-BA4E-7FBED49191E3}.Debug|Any CPU.Deploy.0 = Debug|iPhoneSimulator
		{F6755D55-F8AC-4E42-BA4E-7FBED49191E3}.Debug|ARM.ActiveCfg = Debug|iPhone
		{F6755D55-F8AC-4E42-BA4E-7FBED49191E3}.Debug|ARM.Build.0 = Debug|iPhone
		{F6755D55-F8AC-4E42-BA4E-7FBED49191E3}.Debug|ARM.Deploy.0 = Debug|iPhone
		{F6755D55-F8AC-4E42-BA4E-7FBED49191E3}.Debug|iPhone.ActiveCfg = Debug|iPhone
		{F6755D55-F8AC-4E42-BA4E-7FBED49191E3}.Debug|iPhone.Build.0 = Debug|iPhone
		{F6755D55-F8AC-4E42-BA4E-7FBED49191E3}.Debug|iPhone.Deploy.0 = Debug|iPhone
		{F6755D55-F8AC-4E42-BA4E-7FBED49191E3}.Debug|iPhoneSimulator.ActiveCfg = Debug|iPhoneSimulator
		{F6755D55-F8AC-4E42-BA4E-7FBED49191E3}.Debug|iPhoneSimulator.Build.0 = Debug|iPhoneSimulator
		{F6755D55-F8AC-4E42-BA4E-7FBED49191E3}.Debug|iPhoneSimulator.Deploy.0 = Debug|iPhoneSimulator
		{F6755D55-F8AC-4E42-BA4E-7FBED49191E3}.Debug|x64.ActiveCfg = Debug|iPhone
		{F6755D55-F8AC-4E42-BA4E-7FBED49191E3}.Debug|x64.Build.0 = Debug|iPhone
		{F6755D55-F8AC-4E42-BA4E-7FBED49191E3}.Debug|x64.Deploy.0 = Debug|iPhone
		{F6755D55-F8AC-4E42-BA4E-7FBED49191E3}.Debug|x86.ActiveCfg = Debug|iPhone
		{F6755D55-F8AC-4E42-BA4E-7FBED49191E3}.Debug|x86.Build.0 = Debug|iPhone
		{F6755D55-F8AC-4E42-BA4E-7FBED49191E3}.Debug|x86.Deploy.0 = Debug|iPhone
		{F6755D55-F8AC-4E42-BA4E-7FBED49191E3}.Release|Any CPU.ActiveCfg = Release|iPhone
		{F6755D55-F8AC-4E42-BA4E-7FBED49191E3}.Release|Any CPU.Build.0 = Release|iPhone
		{F6755D55-F8AC-4E42-BA4E-7FBED49191E3}.Release|Any CPU.Deploy.0 = Release|iPhone
		{F6755D55-F8AC-4E42-BA4E-7FBED49191E3}.Release|ARM.ActiveCfg = Release|iPhone
		{F6755D55-F8AC-4E42-BA4E-7FBED49191E3}.Release|ARM.Build.0 = Release|iPhone
		{F6755D55-F8AC-4E42-BA4E-7FBED49191E3}.Release|ARM.Deploy.0 = Release|iPhone
		{F6755D55-F8AC-4E42-BA4E-7FBED49191E3}.Release|iPhone.ActiveCfg = Release|iPhone
		{F6755D55-F8AC-4E42-BA4E-7FBED49191E3}.Release|iPhone.Build.0 = Release|iPhone
		{F6755D55-F8AC-4E42-BA4E-7FBED49191E3}.Release|iPhone.Deploy.0 = Release|iPhone
		{F6755D55-F8AC-4E42-BA4E-7FBED49191E3}.Release|iPhoneSimulator.ActiveCfg = Release|iPhoneSimulator
		{F6755D55-F8AC-4E42-BA4E-7FBED49191E3}.Release|iPhoneSimulator.Build.0 = Release|iPhoneSimulator
		{F6755D55-F8AC-4E42-BA4E-7FBED49191E3}.Release|iPhoneSimulator.Deploy.0 = Release|iPhoneSimulator
		{F6755D55-F8AC-4E42-BA4E-7FBED49191E3}.Release|x64.ActiveCfg = Release|iPhone
		{F6755D55-F8AC-4E42-BA4E-7FBED49191E3}.Release|x64.Build.0 = Release|iPhone
		{F6755D55-F8AC-4E42-BA4E-7FBED49191E3}.Release|x64.Deploy.0 = Release|iPhone
		{F6755D55-F8AC-4E42-BA4E-7FBED49191E3}.Release|x86.ActiveCfg = Release|iPhone
		{F6755D55-F8AC-4E42-BA4E-7FBED49191E3}.Release|x86.Build.0 = Release|iPhone
		{F6755D55-F8AC-4E42-BA4E-7FBED49191E3}.Release|x86.Deploy.0 = Release|iPhone
		{581CC3E4-CE70-4444-8B0A-DA076C8993E2}.Ad-Hoc|Any CPU.ActiveCfg = Release|x86
		{581CC3E4-CE70-4444-8B0A-DA076C8993E2}.Ad-Hoc|Any CPU.Build.0 = Release|x86
		{581CC3E4-CE70-4444-8B0A-DA076C8993E2}.Ad-Hoc|Any CPU.Deploy.0 = Release|x86
		{581CC3E4-CE70-4444-8B0A-DA076C8993E2}.Ad-Hoc|ARM.ActiveCfg = Release|ARM
		{581CC3E4-CE70-4444-8B0A-DA076C8993E2}.Ad-Hoc|ARM.Build.0 = Release|ARM
		{581CC3E4-CE70-4444-8B0A-DA076C8993E2}.Ad-Hoc|ARM.Deploy.0 = Release|ARM
		{581CC3E4-CE70-4444-8B0A-DA076C8993E2}.Ad-Hoc|iPhone.ActiveCfg = Release|x86
		{581CC3E4-CE70-4444-8B0A-DA076C8993E2}.Ad-Hoc|iPhone.Build.0 = Release|x86
		{581CC3E4-CE70-4444-8B0A-DA076C8993E2}.Ad-Hoc|iPhone.Deploy.0 = Release|x86
		{581CC3E4-CE70-4444-8B0A-DA076C8993E2}.Ad-Hoc|iPhoneSimulator.ActiveCfg = Release|x86
		{581CC3E4-CE70-4444-8B0A-DA076C8993E2}.Ad-Hoc|iPhoneSimulator.Build.0 = Release|x86
		{581CC3E4-CE70-4444-8B0A-DA076C8993E2}.Ad-Hoc|iPhoneSimulator.Deploy.0 = Release|x86
		{581CC3E4-CE70-4444-8B0A-DA076C8993E2}.Ad-Hoc|x64.ActiveCfg = Release|x64
		{581CC3E4-CE70-4444-8B0A-DA076C8993E2}.Ad-Hoc|x64.Build.0 = Release|x64
		{581CC3E4-CE70-4444-8B0A-DA076C8993E2}.Ad-Hoc|x64.Deploy.0 = Release|x64
		{581CC3E4-CE70-4444-8B0A-DA076C8993E2}.Ad-Hoc|x86.ActiveCfg = Release|x86
		{581CC3E4-CE70-4444-8B0A-DA076C8993E2}.Ad-Hoc|x86.Build.0 = Release|x86
		{581CC3E4-CE70-4444-8B0A-DA076C8993E2}.Ad-Hoc|x86.Deploy.0 = Release|x86
		{581CC3E4-CE70-4444-8B0A-DA076C8993E2}.AppStore|Any CPU.ActiveCfg = Release|x86
		{581CC3E4-CE70-4444-8B0A-DA076C8993E2}.AppStore|Any CPU.Build.0 = Release|x86
		{581CC3E4-CE70-4444-8B0A-DA076C8993E2}.AppStore|Any CPU.Deploy.0 = Release|x86
		{581CC3E4-CE70-4444-8B0A-DA076C8993E2}.AppStore|ARM.ActiveCfg = Release|ARM
		{581CC3E4-CE70-4444-8B0A-DA076C8993E2}.AppStore|ARM.Build.0 = Release|ARM
		{581CC3E4-CE70-4444-8B0A-DA076C8993E2}.AppStore|ARM.Deploy.0 = Release|ARM
		{581CC3E4-CE70-4444-8B0A-DA076C8993E2}.AppStore|iPhone.ActiveCfg = Release|x86
		{581CC3E4-CE70-4444-8B0A-DA076C8993E2}.AppStore|iPhone.Build.0 = Release|x86
		{581CC3E4-CE70-4444-8B0A-DA076C8993E2}.AppStore|iPhone.Deploy.0 = Release|x86
		{581CC3E4-CE70-4444-8B0A-DA076C8993E2}.AppStore|iPhoneSimulator.ActiveCfg = Release|x86
		{581CC3E4-CE70-4444-8B0A-DA076C8993E2}.AppStore|iPhoneSimulator.Build.0 = Release|x86
		{581CC3E4-CE70-4444-8B0A-DA076C8993E2}.AppStore|iPhoneSimulator.Deploy.0 = Release|x86
		{581CC3E4-CE70-4444-8B0A-DA076C8993E2}.AppStore|x64.ActiveCfg = Release|x64
		{581CC3E4-CE70-4444-8B0A-DA076C8993E2}.AppStore|x64.Build.0 = Release|x64
		{581CC3E4-CE70-4444-8B0A-DA076C8993E2}.AppStore|x64.Deploy.0 = Release|x64
		{581CC3E4-CE70-4444-8B0A-DA076C8993E2}.AppStore|x86.ActiveCfg = Release|x86
		{581CC3E4-CE70-4444-8B0A-DA076C8993E2}.AppStore|x86.Build.0 = Release|x86
		{581CC3E4-CE70-4444-8B0A-DA076C8993E2}.AppStore|x86.Deploy.0 = Release|x86
		{581CC3E4-CE70-4444-8B0A-DA076C8993E2}.Debug|Any CPU.ActiveCfg = Debug|x86
		{581CC3E4-CE70-4444-8B0A-DA076C8993E2}.Debug|Any CPU.Build.0 = Debug|x86
		{581CC3E4-CE70-4444-8B0A-DA076C8993E2}.Debug|Any CPU.Deploy.0 = Debug|x86
		{581CC3E4-CE70-4444-8B0A-DA076C8993E2}.Debug|ARM.ActiveCfg = Debug|ARM
		{581CC3E4-CE70-4444-8B0A-DA076C8993E2}.Debug|ARM.Build.0 = Debug|ARM
		{581CC3E4-CE70-4444-8B0A-DA076C8993E2}.Debug|ARM.Deploy.0 = Debug|ARM
		{581CC3E4-CE70-4444-8B0A-DA076C8993E2}.Debug|iPhone.ActiveCfg = Debug|x86
		{581CC3E4-CE70-4444-8B0A-DA076C8993E2}.Debug|iPhone.Build.0 = Debug|x86
		{581CC3E4-CE70-4444-8B0A-DA076C8993E2}.Debug|iPhone.Deploy.0 = Debug|x86
		{581CC3E4-CE70-4444-8B0A-DA076C8993E2}.Debug|iPhoneSimulator.ActiveCfg = Debug|x86
		{581CC3E4-CE70-4444-8B0A-DA076C8993E2}.Debug|iPhoneSimulator.Build.0 = Debug|x86
		{581CC3E4-CE70-4444-8B0A-DA076C8993E2}.Debug|iPhoneSimulator.Deploy.0 = Debug|x86
		{581CC3E4-CE70-4444-8B0A-DA076C8993E2}.Debug|x64.ActiveCfg = Debug|x64
		{581CC3E4-CE70-4444-8B0A-DA076C8993E2}.Debug|x64.Build.0 = Debug|x64
		{581CC3E4-CE70-4444-8B0A-DA076C8993E2}.Debug|x64.Deploy.0 = Debug|x64
		{581CC3E4-CE70-4444-8B0A-DA076C8993E2}.Debug|x86.ActiveCfg = Debug|x86
		{581CC3E4-CE70-4444-8B0A-DA076C8993E2}.Debug|x86.Build.0 = Debug|x86
		{581CC3E4-CE70-4444-8B0A-DA076C8993E2}.Debug|x86.Deploy.0 = Debug|x86
		{581CC3E4-CE70-4444-8B0A-DA076C8993E2}.Release|Any CPU.ActiveCfg = Release|x86
		{581CC3E4-CE70-4444-8B0A-DA076C8993E2}.Release|Any CPU.Build.0 = Release|x86
		{581CC3E4-CE70-4444-8B0A-DA076C8993E2}.Release|Any CPU.Deploy.0 = Release|x86
		{581CC3E4-CE70-4444-8B0A-DA076C8993E2}.Release|ARM.ActiveCfg = Release|ARM
		{581CC3E4-CE70-4444-8B0A-DA076C8993E2}.Release|ARM.Build.0 = Release|ARM
		{581CC3E4-CE70-4444-8B0A-DA076C8993E2}.Release|ARM.Deploy.0 = Release|ARM
		{581CC3E4-CE70-4444-8B0A-DA076C8993E2}.Release|iPhone.ActiveCfg = Release|x86
		{581CC3E4-CE70-4444-8B0A-DA076C8993E2}.Release|iPhone.Build.0 = Release|x86
		{581CC3E4-CE70-4444-8B0A-DA076C8993E2}.Release|iPhone.Deploy.0 = Release|x86
		{581CC3E4-CE70-4444-8B0A-DA076C8993E2}.Release|iPhoneSimulator.ActiveCfg = Release|x86
		{581CC3E4-CE70-4444-8B0A-DA076C8993E2}.Release|iPhoneSimulator.Build.0 = Release|x86
		{581CC3E4-CE70-4444-8B0A-DA076C8993E2}.Release|iPhoneSimulator.Deploy.0 = Release|x86
		{581CC3E4-CE70-4444-8B0A-DA076C8993E2}.Release|x64.ActiveCfg = Release|x64
		{581CC3E4-CE70-4444-8B0A-DA076C8993E2}.Release|x64.Build.0 = Release|x64
		{581CC3E4-CE70-4444-8B0A-DA076C8993E2}.Release|x64.Deploy.0 = Release|x64
		{581CC3E4-CE70-4444-8B0A-DA076C8993E2}.Release|x86.ActiveCfg = Release|x86
		{581CC3E4-CE70-4444-8B0A-DA076C8993E2}.Release|x86.Build.0 = Release|x86
		{581CC3E4-CE70-4444-8B0A-DA076C8993E2}.Release|x86.Deploy.0 = Release|x86
		{5ACBFD3A-CF32-4924-9A4F-3D871F84EF81}.Ad-Hoc|Any CPU.ActiveCfg = Debug|Any CPU
		{5ACBFD3A-CF32-4924-9A4F-3D871F84EF81}.Ad-Hoc|Any CPU.Build.0 = Debug|Any CPU
		{5ACBFD3A-CF32-4924-9A4F-3D871F84EF81}.Ad-Hoc|Any CPU.Deploy.0 = Debug|Any CPU
		{5ACBFD3A-CF32-4924-9A4F-3D871F84EF81}.Ad-Hoc|ARM.ActiveCfg = Debug|Any CPU
		{5ACBFD3A-CF32-4924-9A4F-3D871F84EF81}.Ad-Hoc|ARM.Build.0 = Debug|Any CPU
		{5ACBFD3A-CF32-4924-9A4F-3D871F84EF81}.Ad-Hoc|ARM.Deploy.0 = Debug|Any CPU
		{5ACBFD3A-CF32-4924-9A4F-3D871F84EF81}.Ad-Hoc|iPhone.ActiveCfg = Debug|Any CPU
		{5ACBFD3A-CF32-4924-9A4F-3D871F84EF81}.Ad-Hoc|iPhone.Build.0 = Debug|Any CPU
		{5ACBFD3A-CF32-4924-9A4F-3D871F84EF81}.Ad-Hoc|iPhone.Deploy.0 = Debug|Any CPU
		{5ACBFD3A-CF32-4924-9A4F-3D871F84EF81}.Ad-Hoc|iPhoneSimulator.ActiveCfg = Debug|Any CPU
		{5ACBFD3A-CF32-4924-9A4F-3D871F84EF81}.Ad-Hoc|iPhoneSimulator.Build.0 = Debug|Any CPU
		{5ACBFD3A-CF32-4924-9A4F-3D871F84EF81}.Ad-Hoc|iPhoneSimulator.Deploy.0 = Debug|Any CPU
		{5ACBFD3A-CF32-4924-9A4F-3D871F84EF81}.Ad-Hoc|x64.ActiveCfg = Debug|Any CPU
		{5ACBFD3A-CF32-4924-9A4F-3D871F84EF81}.Ad-Hoc|x64.Build.0 = Debug|Any CPU
		{5ACBFD3A-CF32-4924-9A4F-3D871F84EF81}.Ad-Hoc|x64.Deploy.0 = Debug|Any CPU
		{5ACBFD3A-CF32-4924-9A4F-3D871F84EF81}.Ad-Hoc|x86.ActiveCfg = Debug|Any CPU
		{5ACBFD3A-CF32-4924-9A4F-3D871F84EF81}.Ad-Hoc|x86.Build.0 = Debug|Any CPU
		{5ACBFD3A-CF32-4924-9A4F-3D871F84EF81}.Ad-Hoc|x86.Deploy.0 = Debug|Any CPU
		{5ACBFD3A-CF32-4924-9A4F-3D871F84EF81}.AppStore|Any CPU.ActiveCfg = Debug|Any CPU
		{5ACBFD3A-CF32-4924-9A4F-3D871F84EF81}.AppStore|Any CPU.Build.0 = Debug|Any CPU
		{5ACBFD3A-CF32-4924-9A4F-3D871F84EF81}.AppStore|Any CPU.Deploy.0 = Debug|Any CPU
		{5ACBFD3A-CF32-4924-9A4F-3D871F84EF81}.AppStore|ARM.ActiveCfg = Debug|Any CPU
		{5ACBFD3A-CF32-4924-9A4F-3D871F84EF81}.AppStore|ARM.Build.0 = Debug|Any CPU
		{5ACBFD3A-CF32-4924-9A4F-3D871F84EF81}.AppStore|ARM.Deploy.0 = Debug|Any CPU
		{5ACBFD3A-CF32-4924-9A4F-3D871F84EF81}.AppStore|iPhone.ActiveCfg = Debug|Any CPU
		{5ACBFD3A-CF32-4924-9A4F-3D871F84EF81}.AppStore|iPhone.Build.0 = Debug|Any CPU
		{5ACBFD3A-CF32-4924-9A4F-3D871F84EF81}.AppStore|iPhone.Deploy.0 = Debug|Any CPU
		{5ACBFD3A-CF32-4924-9A4F-3D871F84EF81}.AppStore|iPhoneSimulator.ActiveCfg = Debug|Any CPU
		{5ACBFD3A-CF32-4924-9A4F-3D871F84EF81}.AppStore|iPhoneSimulator.Build.0 = Debug|Any CPU
		{5ACBFD3A-CF32-4924-9A4F-3D871F84EF81}.AppStore|iPhoneSimulator.Deploy.0 = Debug|Any CPU
		{5ACBFD3A-CF32-4924-9A4F-3D871F84EF81}.AppStore|x64.ActiveCfg = Debug|Any CPU
		{5ACBFD3A-CF32-4924-9A4F-3D871F84EF81}.AppStore|x64.Build.0 = Debug|Any CPU
		{5ACBFD3A-CF32-4924-9A4F-3D871F84EF81}.AppStore|x64.Deploy.0 = Debug|Any CPU
		{5ACBFD3A-CF32-4924-9A4F-3D871F84EF81}.AppStore|x86.ActiveCfg = Debug|Any CPU
		{5ACBFD3A-CF32-4924-9A4F-3D871F84EF81}.AppStore|x86.Build.0 = Debug|Any CPU
		{5ACBFD3A-CF32-4924-9A4F-3D871F84EF81}.AppStore|x86.Deploy.0 = Debug|Any CPU
		{5ACBFD3A-CF32-4924-9A4F-3D871F84EF81}.Debug|Any CPU.ActiveCfg = Debug|Any CPU
		{5ACBFD3A-CF32-4924-9A4F-3D871F84EF81}.Debug|Any CPU.Build.0 = Debug|Any CPU
		{5ACBFD3A-CF32-4924-9A4F-3D871F84EF81}.Debug|Any CPU.Deploy.0 = Debug|Any CPU
		{5ACBFD3A-CF32-4924-9A4F-3D871F84EF81}.Debug|ARM.ActiveCfg = Debug|Any CPU
		{5ACBFD3A-CF32-4924-9A4F-3D871F84EF81}.Debug|ARM.Build.0 = Debug|Any CPU
		{5ACBFD3A-CF32-4924-9A4F-3D871F84EF81}.Debug|ARM.Deploy.0 = Debug|Any CPU
		{5ACBFD3A-CF32-4924-9A4F-3D871F84EF81}.Debug|iPhone.ActiveCfg = Debug|Any CPU
		{5ACBFD3A-CF32-4924-9A4F-3D871F84EF81}.Debug|iPhone.Build.0 = Debug|Any CPU
		{5ACBFD3A-CF32-4924-9A4F-3D871F84EF81}.Debug|iPhone.Deploy.0 = Debug|Any CPU
		{5ACBFD3A-CF32-4924-9A4F-3D871F84EF81}.Debug|iPhoneSimulator.ActiveCfg = Debug|Any CPU
		{5ACBFD3A-CF32-4924-9A4F-3D871F84EF81}.Debug|iPhoneSimulator.Build.0 = Debug|Any CPU
		{5ACBFD3A-CF32-4924-9A4F-3D871F84EF81}.Debug|iPhoneSimulator.Deploy.0 = Debug|Any CPU
		{5ACBFD3A-CF32-4924-9A4F-3D871F84EF81}.Debug|x64.ActiveCfg = Debug|Any CPU
		{5ACBFD3A-CF32-4924-9A4F-3D871F84EF81}.Debug|x64.Build.0 = Debug|Any CPU
		{5ACBFD3A-CF32-4924-9A4F-3D871F84EF81}.Debug|x64.Deploy.0 = Debug|Any CPU
		{5ACBFD3A-CF32-4924-9A4F-3D871F84EF81}.Debug|x86.ActiveCfg = Debug|Any CPU
		{5ACBFD3A-CF32-4924-9A4F-3D871F84EF81}.Debug|x86.Build.0 = Debug|Any CPU
		{5ACBFD3A-CF32-4924-9A4F-3D871F84EF81}.Debug|x86.Deploy.0 = Debug|Any CPU
		{5ACBFD3A-CF32-4924-9A4F-3D871F84EF81}.Release|Any CPU.ActiveCfg = Release|Any CPU
		{5ACBFD3A-CF32-4924-9A4F-3D871F84EF81}.Release|Any CPU.Build.0 = Release|Any CPU
		{5ACBFD3A-CF32-4924-9A4F-3D871F84EF81}.Release|Any CPU.Deploy.0 = Release|Any CPU
		{5ACBFD3A-CF32-4924-9A4F-3D871F84EF81}.Release|ARM.ActiveCfg = Release|Any CPU
		{5ACBFD3A-CF32-4924-9A4F-3D871F84EF81}.Release|ARM.Build.0 = Release|Any CPU
		{5ACBFD3A-CF32-4924-9A4F-3D871F84EF81}.Release|ARM.Deploy.0 = Release|Any CPU
		{5ACBFD3A-CF32-4924-9A4F-3D871F84EF81}.Release|iPhone.ActiveCfg = Release|Any CPU
		{5ACBFD3A-CF32-4924-9A4F-3D871F84EF81}.Release|iPhone.Build.0 = Release|Any CPU
		{5ACBFD3A-CF32-4924-9A4F-3D871F84EF81}.Release|iPhone.Deploy.0 = Release|Any CPU
		{5ACBFD3A-CF32-4924-9A4F-3D871F84EF81}.Release|iPhoneSimulator.ActiveCfg = Release|Any CPU
		{5ACBFD3A-CF32-4924-9A4F-3D871F84EF81}.Release|iPhoneSimulator.Build.0 = Release|Any CPU
		{5ACBFD3A-CF32-4924-9A4F-3D871F84EF81}.Release|iPhoneSimulator.Deploy.0 = Release|Any CPU
		{5ACBFD3A-CF32-4924-9A4F-3D871F84EF81}.Release|x64.ActiveCfg = Release|Any CPU
		{5ACBFD3A-CF32-4924-9A4F-3D871F84EF81}.Release|x64.Build.0 = Release|Any CPU
		{5ACBFD3A-CF32-4924-9A4F-3D871F84EF81}.Release|x64.Deploy.0 = Release|Any CPU
		{5ACBFD3A-CF32-4924-9A4F-3D871F84EF81}.Release|x86.ActiveCfg = Release|Any CPU
		{5ACBFD3A-CF32-4924-9A4F-3D871F84EF81}.Release|x86.Build.0 = Release|Any CPU
		{5ACBFD3A-CF32-4924-9A4F-3D871F84EF81}.Release|x86.Deploy.0 = Release|Any CPU
	EndGlobalSection
	GlobalSection(SolutionProperties) = preSolution
		HideSolutionNode = FALSE
	EndGlobalSection
	GlobalSection(ExtensibilityGlobals) = postSolution
		SolutionGuid = {52FFE9F5-0D6A-4CD0-83C3-4775C41D64A2}
	EndGlobalSection
EndGlobal
